
Microsoft Visual Studio Solution File, Format Version 12.00
# Visual Studio Version 16
VisualStudioVersion = 16.0.31515.178
MinimumVisualStudioVersion = 10.0.40219.1
Project("{8BC9CEB8-8B4A-11D0-8D11-00A0C91BC942}") = "PracticeWeek7_2", "PracticeWeek7_2\PracticeWeek7_2.vcxproj", "{ACC4ABBC-6266-4F5C-B69C-8E738E48666F}"
EndProject
Global
	GlobalSection(SolutionConfigurationPlatforms) = preSolution
		Debug|x64 = Debug|x64
		Debug|x86 = Debug|x86
		Release|x64 = Release|x64
		Release|x86 = Release|x86
	EndGlobalSection
	GlobalSection(ProjectConfigurationPlatforms) = postSolution
		{ACC4ABBC-6266-4F5C-B69C-8E738E48666F}.Debug|x64.ActiveCfg = Debug|x64
		{ACC4ABBC-6266-4F5C-B69C-8E738E48666F}.Debug|x64.Build.0 = Debug|x64
		{ACC4ABBC-6266-4F5C-B69C-8E738E48666F}.Debug|x86.ActiveCfg = Debug|Win32
		{ACC4ABBC-6266-4F5C-B69C-8E738E48666F}.Debug|x86.Build.0 = Debug|Win32
		{ACC4ABBC-6266-4F5C-B69C-8E738E48666F}.Release|x64.ActiveCfg = Release|x64
		{ACC4ABBC-6266-4F5C-B69C-8E738E48666F}.Release|x64.Build.0 = Release|x64
		{ACC4ABBC-6266-4F5C-B69C-8E738E48666F}.Release|x86.ActiveCfg = Release|Win32
		{ACC4ABBC-6266-4F5C-B69C-8E738E48666F}.Release|x86.Build.0 = Release|Win32
	EndGlobalSection
	GlobalSection(SolutionProperties) = preSolution
		HideSolutionNode = FALSE
	EndGlobalSection
	GlobalSection(ExtensibilityGlobals) = postSolution
		SolutionGuid = {DE9A294F-BF26-43F7-AA1E-C8192CA0D4A2}
	EndGlobalSection
EndGlobal
